<?xml version="1.0" encoding="utf-8"?>
<Project ToolsVersion="4.0" xmlns="http://schemas.microsoft.com/developer/msbuild/2003">
  <ItemGroup>
    <Filter Include="源文件">
      <UniqueIdentifier>{4FC737F1-C7A5-4376-A066-2A32D752A2FF}</UniqueIdentifier>
      <Extensions>cpp;c;cc;cxx;def;odl;idl;hpj;bat;asm;asmx</Extensions>
    </Filter>
    <Filter Include="头文件">
      <UniqueIdentifier>{93995380-89BD-4b04-88EB-625FBE52EBFB}</UniqueIdentifier>
      <Extensions>h;hh;hpp;hxx;hm;inl;inc;xsd</Extensions>
    </Filter>
    <Filter Include="资源文件">
      <UniqueIdentifier>{67DA6AB6-F800-4c08-8B7A-83BB121AAD01}</UniqueIdentifier>
      <Extensions>rc;ico;cur;bmp;dlg;rc2;rct;bin;rgs;gif;jpg;jpeg;jpe;resx;tiff;tif;png;wav;mfcribbon-ms</Extensions>
    </Filter>
    <Filter Include="shader">
      <UniqueIdentifier>{55f00303-ada5-4dc9-9312-78b2c5c3fd07}</UniqueIdentifier>
    </Filter>
    <Filter Include="color">
      <UniqueIdentifier>{f53337c9-1872-401f-8aac-82e0eaaafbe4}</UniqueIdentifier>
    </Filter>
    <Filter Include="cube">
      <UniqueIdentifier>{88210ae8-6d10-4dc7-bc78-a313bbe5cc12}</UniqueIdentifier>
    </Filter>
    <Filter Include="I420">
      <UniqueIdentifier>{d2b744d1-2f10-4d66-bfc1-8cfdb2f2f5c8}</UniqueIdentifier>
    </Filter>
  </ItemGroup>
  <ItemGroup>
    <Text Include="ReadMe.txt" />
  </ItemGroup>
  <ItemGroup>
    <ClInclude Include="stdafx.h">
      <Filter>头文件</Filter>
    </ClInclude>
    <ClInclude Include="targetver.h">
      <Filter>头文件</Filter>
    </ClInclude>
    <ClInclude Include="Resource.h">
      <Filter>头文件</Filter>
    </ClInclude>
    <ClInclude Include="DXViewer.h">
      <Filter>头文件</Filter>
    </ClInclude>
    <ClInclude Include="GraphicEngine.h">
      <Filter>头文件</Filter>
    </ClInclude>
    <ClInclude Include="DXViewerApp.h">
      <Filter>头文件</Filter>
    </ClInclude>
    <ClInclude Include="utility.h">
      <Filter>头文件</Filter>
    </ClInclude>
    <ClInclude Include="Graphic.h">
      <Filter>头文件</Filter>
    </ClInclude>
    <ClInclude Include="ColorShader.h">
      <Filter>color</Filter>
    </ClInclude>
    <ClInclude Include="ColorTriangle.h">
      <Filter>color</Filter>
    </ClInclude>
    <ClInclude Include="ColorCamera.h">
      <Filter>color</Filter>
    </ClInclude>
    <ClInclude Include="Cube.h">
      <Filter>cube</Filter>
    </ClInclude>
    <ClInclude Include="CubeShader.h">
      <Filter>cube</Filter>
    </ClInclude>
    <ClInclude Include="CubeCamera.h">
      <Filter>cube</Filter>
    </ClInclude>
    <ClInclude Include="I420Frame.h">
      <Filter>I420</Filter>
    </ClInclude>
    <ClInclude Include="I420FrameShader.h">
      <Filter>I420</Filter>
    </ClInclude>
    <ClInclude Include="I420FrameCamera.h">
      <Filter>I420</Filter>
    </ClInclude>
    <ClInclude Include="FPSCamera.h">
      <Filter>头文件</Filter>
    </ClInclude>
  </ItemGroup>
  <ItemGroup>
    <ClCompile Include="stdafx.cpp">
      <Filter>源文件</Filter>
    </ClCompile>
    <ClCompile Include="DXViewer.cpp">
      <Filter>源文件</Filter>
    </ClCompile>
    <ClCompile Include="GraphicEngine.cpp">
      <Filter>源文件</Filter>
    </ClCompile>
    <ClCompile Include="DXViewerApp.cpp">
      <Filter>源文件</Filter>
    </ClCompile>
    <ClCompile Include="utility.cpp">
      <Filter>源文件</Filter>
    </ClCompile>
    <ClCompile Include="Graphic.cpp">
      <Filter>源文件</Filter>
    </ClCompile>
    <ClCompile Include="ColorShader.cpp">
      <Filter>color</Filter>
    </ClCompile>
    <ClCompile Include="ColorTriangle.cpp">
      <Filter>color</Filter>
    </ClCompile>
    <ClCompile Include="ColorCamera.cpp">
      <Filter>color</Filter>
    </ClCompile>
    <ClCompile Include="Cube.cpp">
      <Filter>cube</Filter>
    </ClCompile>
    <ClCompile Include="CubeShader.cpp">
      <Filter>cube</Filter>
    </ClCompile>
    <ClCompile Include="CubeCamera.cpp">
      <Filter>cube</Filter>
    </ClCompile>
    <ClCompile Include="I420Frame.cpp">
      <Filter>I420</Filter>
    </ClCompile>
    <ClCompile Include="I420FrameShader.cpp">
      <Filter>I420</Filter>
    </ClCompile>
    <ClCompile Include="I420FrameCamera.cpp">
      <Filter>I420</Filter>
    </ClCompile>
    <ClCompile Include="FPSCamera.cpp">
      <Filter>源文件</Filter>
    </ClCompile>
  </ItemGroup>
  <ItemGroup>
    <ResourceCompile Include="DXViewer.rc">
      <Filter>资源文件</Filter>
    </ResourceCompile>
  </ItemGroup>
  <ItemGroup>
    <Image Include="small.ico">
      <Filter>资源文件</Filter>
    </Image>
    <Image Include="DXViewer.ico">
      <Filter>资源文件</Filter>
    </Image>
  </ItemGroup>
  <ItemGroup>
    <None Include="shaders.hlsl">
      <Filter>shader</Filter>
    </None>
    <None Include="ColorTriangle.hlsl">
      <Filter>shader</Filter>
    </None>
    <None Include="Cube.hlsl">
      <Filter>shader</Filter>
    </None>
    <None Include="I420Frame.hlsl">
      <Filter>shader</Filter>
    </None>
  </ItemGroup>
</Project>